
Microsoft Visual Studio Solution File, Format Version 12.00
# Visual Studio Version 17
VisualStudioVersion = 17.14.36518.9
MinimumVisualStudioVersion = 10.0.40219.1
Project("{FAE04EC0-301F-11D3-BF4B-00C04F79EFBC}") = "UserApi", "UserApi\UserApi.csproj", "{C6570EB3-B892-45C2-84D1-0B9811AFF105}"
EndProject
Project("{2150E333-8FDC-42A3-9474-1A3956D46DE8}") = "BE", "BE", "{49081BA1-4477-4090-A313-4ED38DE2272C}"
EndProject
Project("{FAE04EC0-301F-11D3-BF4B-00C04F79EFBC}") = "ProductsApi", "ProductsApi\ProductsApi.csproj", "{C0ED6A88-0D9E-4BF1-816F-98739126EE01}"
EndProject
Project("{2150E333-8FDC-42A3-9474-1A3956D46DE8}") = "FE", "FE", "{02EA681E-C7D8-13C7-8484-4AC65E1B71E8}"
EndProject
Project("{FAE04EC0-301F-11D3-BF4B-00C04F79EFBC}") = "JWPublic", "JWPublic\JWPublic.csproj", "{7D43AE10-C470-4275-93E2-834543473D75}"
EndProject
Global
	GlobalSection(SolutionConfigurationPlatforms) = preSolution
		Debug|Any CPU = Debug|Any CPU
		Release|Any CPU = Release|Any CPU
	EndGlobalSection
	GlobalSection(ProjectConfigurationPlatforms) = postSolution
		{C6570EB3-B892-45C2-84D1-0B9811AFF105}.Debug|Any CPU.ActiveCfg = Debug|Any CPU
		{C6570EB3-B892-45C2-84D1-0B9811AFF105}.Debug|Any CPU.Build.0 = Debug|Any CPU
		{C6570EB3-B892-45C2-84D1-0B9811AFF105}.Release|Any CPU.ActiveCfg = Release|Any CPU
		{C6570EB3-B892-45C2-84D1-0B9811AFF105}.Release|Any CPU.Build.0 = Release|Any CPU
		{C0ED6A88-0D9E-4BF1-816F-98739126EE01}.Debug|Any CPU.ActiveCfg = Debug|Any CPU
		{C0ED6A88-0D9E-4BF1-816F-98739126EE01}.Debug|Any CPU.Build.0 = Debug|Any CPU
		{C0ED6A88-0D9E-4BF1-816F-98739126EE01}.Release|Any CPU.ActiveCfg = Release|Any CPU
		{C0ED6A88-0D9E-4BF1-816F-98739126EE01}.Release|Any CPU.Build.0 = Release|Any CPU
		{7D43AE10-C470-4275-93E2-834543473D75}.Debug|Any CPU.ActiveCfg = Debug|Any CPU
		{7D43AE10-C470-4275-93E2-834543473D75}.Debug|Any CPU.Build.0 = Debug|Any CPU
		{7D43AE10-C470-4275-93E2-834543473D75}.Release|Any CPU.ActiveCfg = Release|Any CPU
		{7D43AE10-C470-4275-93E2-834543473D75}.Release|Any CPU.Build.0 = Release|Any CPU
	EndGlobalSection
	GlobalSection(SolutionProperties) = preSolution
		HideSolutionNode = FALSE
	EndGlobalSection
	GlobalSection(NestedProjects) = preSolution
		{C6570EB3-B892-45C2-84D1-0B9811AFF105} = {49081BA1-4477-4090-A313-4ED38DE2272C}
		{C0ED6A88-0D9E-4BF1-816F-98739126EE01} = {49081BA1-4477-4090-A313-4ED38DE2272C}
		{7D43AE10-C470-4275-93E2-834543473D75} = {02EA681E-C7D8-13C7-8484-4AC65E1B71E8}
	EndGlobalSection
	GlobalSection(ExtensibilityGlobals) = postSolution
		SolutionGuid = {915A4278-5CC8-48CB-832A-4DF660A1ED61}
	EndGlobalSection
EndGlobal
