
Microsoft Visual Studio Solution File, Format Version 12.00
# Visual Studio Version 17
VisualStudioVersion = 17.14.36518.9
MinimumVisualStudioVersion = 10.0.40219.1
Project("{FAE04EC0-301F-11D3-BF4B-00C04F79EFBC}") = "UserApi", "UserApi\UserApi.csproj", "{C6570EB3-B892-45C2-84D1-0B9811AFF105}"
EndProject
Project("{FAE04EC0-301F-11D3-BF4B-00C04F79EFBC}") = "JewerlyWeb", "JewerlyWeb\JewerlyWeb.csproj", "{18E088A2-B14F-4913-8D90-22AA0B9FD36A}"
EndProject
Project("{2150E333-8FDC-42A3-9474-1A3956D46DE8}") = "FE", "FE", "{02EA681E-C7D8-13C7-8484-4AC65E1B71E8}"
EndProject
Project("{2150E333-8FDC-42A3-9474-1A3956D46DE8}") = "BE", "BE", "{49081BA1-4477-4090-A313-4ED38DE2272C}"
EndProject
Project("{FAE04EC0-301F-11D3-BF4B-00C04F79EFBC}") = "JewerlyPublicWen", "JewerlyPublicWen\JewerlyPublicWen.csproj", "{B3007E01-43C8-4AA5-A38C-100CE387D6B0}"
EndProject
Global
	GlobalSection(SolutionConfigurationPlatforms) = preSolution
		Debug|Any CPU = Debug|Any CPU
		Release|Any CPU = Release|Any CPU
	EndGlobalSection
	GlobalSection(ProjectConfigurationPlatforms) = postSolution
		{C6570EB3-B892-45C2-84D1-0B9811AFF105}.Debug|Any CPU.ActiveCfg = Debug|Any CPU
		{C6570EB3-B892-45C2-84D1-0B9811AFF105}.Debug|Any CPU.Build.0 = Debug|Any CPU
		{C6570EB3-B892-45C2-84D1-0B9811AFF105}.Release|Any CPU.ActiveCfg = Release|Any CPU
		{C6570EB3-B892-45C2-84D1-0B9811AFF105}.Release|Any CPU.Build.0 = Release|Any CPU
		{18E088A2-B14F-4913-8D90-22AA0B9FD36A}.Debug|Any CPU.ActiveCfg = Debug|Any CPU
		{18E088A2-B14F-4913-8D90-22AA0B9FD36A}.Debug|Any CPU.Build.0 = Debug|Any CPU
		{18E088A2-B14F-4913-8D90-22AA0B9FD36A}.Release|Any CPU.ActiveCfg = Release|Any CPU
		{18E088A2-B14F-4913-8D90-22AA0B9FD36A}.Release|Any CPU.Build.0 = Release|Any CPU
		{B3007E01-43C8-4AA5-A38C-100CE387D6B0}.Debug|Any CPU.ActiveCfg = Debug|Any CPU
		{B3007E01-43C8-4AA5-A38C-100CE387D6B0}.Debug|Any CPU.Build.0 = Debug|Any CPU
		{B3007E01-43C8-4AA5-A38C-100CE387D6B0}.Release|Any CPU.ActiveCfg = Release|Any CPU
		{B3007E01-43C8-4AA5-A38C-100CE387D6B0}.Release|Any CPU.Build.0 = Release|Any CPU
	EndGlobalSection
	GlobalSection(SolutionProperties) = preSolution
		HideSolutionNode = FALSE
	EndGlobalSection
	GlobalSection(NestedProjects) = preSolution
		{C6570EB3-B892-45C2-84D1-0B9811AFF105} = {49081BA1-4477-4090-A313-4ED38DE2272C}
		{18E088A2-B14F-4913-8D90-22AA0B9FD36A} = {02EA681E-C7D8-13C7-8484-4AC65E1B71E8}
		{B3007E01-43C8-4AA5-A38C-100CE387D6B0} = {02EA681E-C7D8-13C7-8484-4AC65E1B71E8}
	EndGlobalSection
	GlobalSection(ExtensibilityGlobals) = postSolution
		SolutionGuid = {915A4278-5CC8-48CB-832A-4DF660A1ED61}
	EndGlobalSection
EndGlobal
